// !$*UTF8*$!
{
	archiveVersion = 1;
	classes = {
	};
	objectVersion = 50;
	objects = {

/* Begin PBXBuildFile section */
		1204245921588E85004277D7 /* EventHeaderCollectionViewCell.swift in Sources */ = {isa = PBXBuildFile; fileRef = 1204245821588E85004277D7 /* EventHeaderCollectionViewCell.swift */; };
		1204245B21588F17004277D7 /* UIView+Identifier.swift in Sources */ = {isa = PBXBuildFile; fileRef = 1204245A21588F17004277D7 /* UIView+Identifier.swift */; };
		1204245D21589620004277D7 /* NavigationController.swift in Sources */ = {isa = PBXBuildFile; fileRef = 1204245C21589620004277D7 /* NavigationController.swift */; };
		12054A42214F4E7F00174E56 /* AppDelegate.swift in Sources */ = {isa = PBXBuildFile; fileRef = 12054A41214F4E7F00174E56 /* AppDelegate.swift */; };
		12054A49214F4E8100174E56 /* Assets.xcassets in Resources */ = {isa = PBXBuildFile; fileRef = 12054A48214F4E8100174E56 /* Assets.xcassets */; };
		12054A4C214F4E8100174E56 /* LaunchScreen.storyboard in Resources */ = {isa = PBXBuildFile; fileRef = 12054A4A214F4E8100174E56 /* LaunchScreen.storyboard */; };
		12054A69214F572900174E56 /* LoginViewController.swift in Sources */ = {isa = PBXBuildFile; fileRef = 12054A68214F572900174E56 /* LoginViewController.swift */; };
		12054A6D214F575900174E56 /* LoginCoordinator.swift in Sources */ = {isa = PBXBuildFile; fileRef = 12054A6C214F575900174E56 /* LoginCoordinator.swift */; };
		12054A6F214F584600174E56 /* AppCoordinator.swift in Sources */ = {isa = PBXBuildFile; fileRef = 12054A6E214F584600174E56 /* AppCoordinator.swift */; };
		12054A71214F598100174E56 /* CoordinatorProtocol.swift in Sources */ = {isa = PBXBuildFile; fileRef = 12054A70214F598100174E56 /* CoordinatorProtocol.swift */; };
		12054A75214F5C6500174E56 /* ViewCodingProtocol.swift in Sources */ = {isa = PBXBuildFile; fileRef = 12054A74214F5C6500174E56 /* ViewCodingProtocol.swift */; };
		12054A7C214F5CA800174E56 /* SnapKit.framework in Frameworks */ = {isa = PBXBuildFile; fileRef = 12054A77214F5CA800174E56 /* SnapKit.framework */; };
		12054A7E214F5CA800174E56 /* AlamofireImage.framework in Frameworks */ = {isa = PBXBuildFile; fileRef = 12054A79214F5CA800174E56 /* AlamofireImage.framework */; };
		12054A84214F606A00174E56 /* Resource.swift in Sources */ = {isa = PBXBuildFile; fileRef = 12054A83214F606A00174E56 /* Resource.swift */; };
		12054A86214F60ED00174E56 /* Resource+Image.swift in Sources */ = {isa = PBXBuildFile; fileRef = 12054A85214F60ED00174E56 /* Resource+Image.swift */; };
		12054A88214F610500174E56 /* Resource+Color.swift in Sources */ = {isa = PBXBuildFile; fileRef = 12054A87214F610500174E56 /* Resource+Color.swift */; };
		12054A8A214F610D00174E56 /* Resource+Font.swift in Sources */ = {isa = PBXBuildFile; fileRef = 12054A89214F610D00174E56 /* Resource+Font.swift */; };
		12054A8C214F611500174E56 /* Resource+Text.swift in Sources */ = {isa = PBXBuildFile; fileRef = 12054A8B214F611500174E56 /* Resource+Text.swift */; };
		121AF1792151F1B900967078 /* SourceSansPro-Light.ttf in Resources */ = {isa = PBXBuildFile; fileRef = 121AF1752151F1B600967078 /* SourceSansPro-Light.ttf */; };
		121AF17A2151F1B900967078 /* SourceSansPro-Bold.ttf in Resources */ = {isa = PBXBuildFile; fileRef = 121AF1762151F1B700967078 /* SourceSansPro-Bold.ttf */; };
		121AF17B2151F1B900967078 /* SourceSansPro-Regular.ttf in Resources */ = {isa = PBXBuildFile; fileRef = 121AF1772151F1B800967078 /* SourceSansPro-Regular.ttf */; };
		121AF17C2151F1B900967078 /* SourceSansPro-SemiBold.ttf in Resources */ = {isa = PBXBuildFile; fileRef = 121AF1782151F1B900967078 /* SourceSansPro-SemiBold.ttf */; };
		121AF17E2151FC6A00967078 /* Nimble_Snapshots.framework in Frameworks */ = {isa = PBXBuildFile; fileRef = 121AF17D2151FC6A00967078 /* Nimble_Snapshots.framework */; };
		123839472160490C00274FA7 /* UIWindow+Transition.swift in Sources */ = {isa = PBXBuildFile; fileRef = 123839462160490C00274FA7 /* UIWindow+Transition.swift */; };
		1238394B21604E0100274FA7 /* UIView+SafeArea.swift in Sources */ = {isa = PBXBuildFile; fileRef = 1238394A21604E0100274FA7 /* UIView+SafeArea.swift */; };
		12402A0E214F6BA100D2EC6B /* Nimble.framework in Frameworks */ = {isa = PBXBuildFile; fileRef = 12054A78214F5CA800174E56 /* Nimble.framework */; };
		12402A0F214F6BA100D2EC6B /* Quick.framework in Frameworks */ = {isa = PBXBuildFile; fileRef = 12054A7A214F5CA800174E56 /* Quick.framework */; };
		12402A14214F6EE300D2EC6B /* InputField.swift in Sources */ = {isa = PBXBuildFile; fileRef = 12402A13214F6EE300D2EC6B /* InputField.swift */; };
		12402A16214F73C100D2EC6B /* Button.swift in Sources */ = {isa = PBXBuildFile; fileRef = 12402A15214F73C100D2EC6B /* Button.swift */; };
		12B0FF6521533D1900408D04 /* HomeViewScreen.swift in Sources */ = {isa = PBXBuildFile; fileRef = 12B0FF6421533D1900408D04 /* HomeViewScreen.swift */; };
		12B0FF682153427300408D04 /* UIView+Rounded.swift in Sources */ = {isa = PBXBuildFile; fileRef = 12B0FF672153427300408D04 /* UIView+Rounded.swift */; };
		12B0FF6B21534A5F00408D04 /* HomeViewController.swift in Sources */ = {isa = PBXBuildFile; fileRef = 12B0FF6A21534A5F00408D04 /* HomeViewController.swift */; };
		12B0FF6D2154495C00408D04 /* HomeHeaderView.swift in Sources */ = {isa = PBXBuildFile; fileRef = 12B0FF6C2154495C00408D04 /* HomeHeaderView.swift */; };
		12B0FF6F2154511600408D04 /* EventCollectionViewCell.swift in Sources */ = {isa = PBXBuildFile; fileRef = 12B0FF6E2154511600408D04 /* EventCollectionViewCell.swift */; };
		12CE3C3F2152011F00AEFE79 /* LoginViewScreen.swift in Sources */ = {isa = PBXBuildFile; fileRef = 12054A6A214F574D00174E56 /* LoginViewScreen.swift */; };
		12CE3C40215201B100AEFE79 /* Alamofire.framework in Frameworks */ = {isa = PBXBuildFile; fileRef = 12054A7B214F5CA800174E56 /* Alamofire.framework */; };
		12CE3C462152077500AEFE79 /* HomeCoordinator.swift in Sources */ = {isa = PBXBuildFile; fileRef = 12CE3C452152077500AEFE79 /* HomeCoordinator.swift */; };
		12CE3C48215209FA00AEFE79 /* LoginViewControllerDelegate.swift in Sources */ = {isa = PBXBuildFile; fileRef = 12CE3C47215209FA00AEFE79 /* LoginViewControllerDelegate.swift */; };
		12EA5BD52151FE91007D4DE8 /* FBSnapshotTestCase.framework in Frameworks */ = {isa = PBXBuildFile; fileRef = 12402A09214F6A2300D2EC6B /* FBSnapshotTestCase.framework */; };
		DB6655C94A1656A5D6553CB9 /* Pods_OurWedding.framework in Frameworks */ = {isa = PBXBuildFile; fileRef = A123B0A335EA0333B82E1122 /* Pods_OurWedding.framework */; };
		E8218EA25BB9209F2E87B948 /* Pods_OurWeddingUITests.framework in Frameworks */ = {isa = PBXBuildFile; fileRef = 2F649C317772E4FD719C8F34 /* Pods_OurWeddingUITests.framework */; };
/* End PBXBuildFile section */

/* Begin PBXContainerItemProxy section */
		12054A53214F4E8100174E56 /* PBXContainerItemProxy */ = {
			isa = PBXContainerItemProxy;
			containerPortal = 12054A36214F4E7F00174E56 /* Project object */;
			proxyType = 1;
			remoteGlobalIDString = 12054A3D214F4E7F00174E56;
			remoteInfo = OurWedding;
		};
/* End PBXContainerItemProxy section */

/* Begin PBXFileReference section */
		1204245821588E85004277D7 /* EventHeaderCollectionViewCell.swift */ = {isa = PBXFileReference; lastKnownFileType = sourcecode.swift; path = EventHeaderCollectionViewCell.swift; sourceTree = "<group>"; };
		1204245A21588F17004277D7 /* UIView+Identifier.swift */ = {isa = PBXFileReference; lastKnownFileType = sourcecode.swift; path = "UIView+Identifier.swift"; sourceTree = "<group>"; };
		1204245C21589620004277D7 /* NavigationController.swift */ = {isa = PBXFileReference; lastKnownFileType = sourcecode.swift; path = NavigationController.swift; sourceTree = "<group>"; };
		12054A3E214F4E7F00174E56 /* OurWedding.app */ = {isa = PBXFileReference; explicitFileType = wrapper.application; includeInIndex = 0; path = OurWedding.app; sourceTree = BUILT_PRODUCTS_DIR; };
		12054A41214F4E7F00174E56 /* AppDelegate.swift */ = {isa = PBXFileReference; lastKnownFileType = sourcecode.swift; path = AppDelegate.swift; sourceTree = "<group>"; };
		12054A48214F4E8100174E56 /* Assets.xcassets */ = {isa = PBXFileReference; lastKnownFileType = folder.assetcatalog; path = Assets.xcassets; sourceTree = "<group>"; };
		12054A4B214F4E8100174E56 /* Base */ = {isa = PBXFileReference; lastKnownFileType = file.storyboard; name = Base; path = Base.lproj/LaunchScreen.storyboard; sourceTree = "<group>"; };
		12054A4D214F4E8100174E56 /* Info.plist */ = {isa = PBXFileReference; lastKnownFileType = text.plist.xml; path = Info.plist; sourceTree = "<group>"; };
		12054A52214F4E8100174E56 /* OurWeddingUITests.xctest */ = {isa = PBXFileReference; explicitFileType = wrapper.cfbundle; includeInIndex = 0; path = OurWeddingUITests.xctest; sourceTree = BUILT_PRODUCTS_DIR; };
		12054A58214F4E8100174E56 /* Info.plist */ = {isa = PBXFileReference; lastKnownFileType = text.plist.xml; path = Info.plist; sourceTree = "<group>"; };
		12054A68214F572900174E56 /* LoginViewController.swift */ = {isa = PBXFileReference; lastKnownFileType = sourcecode.swift; path = LoginViewController.swift; sourceTree = "<group>"; };
		12054A6A214F574D00174E56 /* LoginViewScreen.swift */ = {isa = PBXFileReference; lastKnownFileType = sourcecode.swift; path = LoginViewScreen.swift; sourceTree = "<group>"; };
		12054A6C214F575900174E56 /* LoginCoordinator.swift */ = {isa = PBXFileReference; lastKnownFileType = sourcecode.swift; path = LoginCoordinator.swift; sourceTree = "<group>"; };
		12054A6E214F584600174E56 /* AppCoordinator.swift */ = {isa = PBXFileReference; lastKnownFileType = sourcecode.swift; path = AppCoordinator.swift; sourceTree = "<group>"; };
		12054A70214F598100174E56 /* CoordinatorProtocol.swift */ = {isa = PBXFileReference; lastKnownFileType = sourcecode.swift; path = CoordinatorProtocol.swift; sourceTree = "<group>"; };
		12054A74214F5C6500174E56 /* ViewCodingProtocol.swift */ = {isa = PBXFileReference; lastKnownFileType = sourcecode.swift; path = ViewCodingProtocol.swift; sourceTree = "<group>"; };
		12054A77214F5CA800174E56 /* SnapKit.framework */ = {isa = PBXFileReference; lastKnownFileType = wrapper.framework; name = SnapKit.framework; path = Carthage/Build/iOS/SnapKit.framework; sourceTree = "<group>"; };
		12054A78214F5CA800174E56 /* Nimble.framework */ = {isa = PBXFileReference; lastKnownFileType = wrapper.framework; name = Nimble.framework; path = Carthage/Build/iOS/Nimble.framework; sourceTree = "<group>"; };
		12054A79214F5CA800174E56 /* AlamofireImage.framework */ = {isa = PBXFileReference; lastKnownFileType = wrapper.framework; name = AlamofireImage.framework; path = Carthage/Build/iOS/AlamofireImage.framework; sourceTree = "<group>"; };
		12054A7A214F5CA800174E56 /* Quick.framework */ = {isa = PBXFileReference; lastKnownFileType = wrapper.framework; name = Quick.framework; path = Carthage/Build/iOS/Quick.framework; sourceTree = "<group>"; };
		12054A7B214F5CA800174E56 /* Alamofire.framework */ = {isa = PBXFileReference; lastKnownFileType = wrapper.framework; name = Alamofire.framework; path = Carthage/Build/iOS/Alamofire.framework; sourceTree = "<group>"; };
		12054A83214F606A00174E56 /* Resource.swift */ = {isa = PBXFileReference; lastKnownFileType = sourcecode.swift; path = Resource.swift; sourceTree = "<group>"; };
		12054A85214F60ED00174E56 /* Resource+Image.swift */ = {isa = PBXFileReference; lastKnownFileType = sourcecode.swift; path = "Resource+Image.swift"; sourceTree = "<group>"; };
		12054A87214F610500174E56 /* Resource+Color.swift */ = {isa = PBXFileReference; lastKnownFileType = sourcecode.swift; path = "Resource+Color.swift"; sourceTree = "<group>"; };
		12054A89214F610D00174E56 /* Resource+Font.swift */ = {isa = PBXFileReference; lastKnownFileType = sourcecode.swift; path = "Resource+Font.swift"; sourceTree = "<group>"; };
		12054A8B214F611500174E56 /* Resource+Text.swift */ = {isa = PBXFileReference; lastKnownFileType = sourcecode.swift; path = "Resource+Text.swift"; sourceTree = "<group>"; };
		121AF1752151F1B600967078 /* SourceSansPro-Light.ttf */ = {isa = PBXFileReference; lastKnownFileType = file; path = "SourceSansPro-Light.ttf"; sourceTree = "<group>"; };
		121AF1762151F1B700967078 /* SourceSansPro-Bold.ttf */ = {isa = PBXFileReference; lastKnownFileType = file; path = "SourceSansPro-Bold.ttf"; sourceTree = "<group>"; };
		121AF1772151F1B800967078 /* SourceSansPro-Regular.ttf */ = {isa = PBXFileReference; lastKnownFileType = file; path = "SourceSansPro-Regular.ttf"; sourceTree = "<group>"; };
		121AF1782151F1B900967078 /* SourceSansPro-SemiBold.ttf */ = {isa = PBXFileReference; lastKnownFileType = file; path = "SourceSansPro-SemiBold.ttf"; sourceTree = "<group>"; };
		121AF17D2151FC6A00967078 /* Nimble_Snapshots.framework */ = {isa = PBXFileReference; lastKnownFileType = wrapper.framework; name = Nimble_Snapshots.framework; path = Carthage/Build/iOS/Nimble_Snapshots.framework; sourceTree = "<group>"; };
		123839462160490C00274FA7 /* UIWindow+Transition.swift */ = {isa = PBXFileReference; lastKnownFileType = sourcecode.swift; path = "UIWindow+Transition.swift"; sourceTree = "<group>"; };
		1238394A21604E0100274FA7 /* UIView+SafeArea.swift */ = {isa = PBXFileReference; lastKnownFileType = sourcecode.swift; path = "UIView+SafeArea.swift"; sourceTree = "<group>"; };
		12402A09214F6A2300D2EC6B /* FBSnapshotTestCase.framework */ = {isa = PBXFileReference; lastKnownFileType = wrapper.framework; name = FBSnapshotTestCase.framework; path = Carthage/Build/iOS/FBSnapshotTestCase.framework; sourceTree = "<group>"; };
		12402A0B214F6B9200D2EC6B /* Build */ = {isa = PBXFileReference; lastKnownFileType = folder; name = Build; path = Carthage/Build; sourceTree = "<group>"; };
		12402A13214F6EE300D2EC6B /* InputField.swift */ = {isa = PBXFileReference; lastKnownFileType = sourcecode.swift; path = InputField.swift; sourceTree = "<group>"; };
		12402A15214F73C100D2EC6B /* Button.swift */ = {isa = PBXFileReference; lastKnownFileType = sourcecode.swift; path = Button.swift; sourceTree = "<group>"; };
		12B0AD6C2150A57F00791D74 /* InputMask.framework */ = {isa = PBXFileReference; lastKnownFileType = wrapper.framework; name = InputMask.framework; path = Carthage/Build/iOS/InputMask.framework; sourceTree = "<group>"; };
		12B0FF6421533D1900408D04 /* HomeViewScreen.swift */ = {isa = PBXFileReference; lastKnownFileType = sourcecode.swift; path = HomeViewScreen.swift; sourceTree = "<group>"; };
		12B0FF672153427300408D04 /* UIView+Rounded.swift */ = {isa = PBXFileReference; lastKnownFileType = sourcecode.swift; path = "UIView+Rounded.swift"; sourceTree = "<group>"; };
		12B0FF6A21534A5F00408D04 /* HomeViewController.swift */ = {isa = PBXFileReference; lastKnownFileType = sourcecode.swift; path = HomeViewController.swift; sourceTree = "<group>"; };
		12B0FF6C2154495C00408D04 /* HomeHeaderView.swift */ = {isa = PBXFileReference; lastKnownFileType = sourcecode.swift; path = HomeHeaderView.swift; sourceTree = "<group>"; };
		12B0FF6E2154511600408D04 /* EventCollectionViewCell.swift */ = {isa = PBXFileReference; lastKnownFileType = sourcecode.swift; path = EventCollectionViewCell.swift; sourceTree = "<group>"; };
		12CE3C452152077500AEFE79 /* HomeCoordinator.swift */ = {isa = PBXFileReference; lastKnownFileType = sourcecode.swift; path = HomeCoordinator.swift; sourceTree = "<group>"; };
		12CE3C47215209FA00AEFE79 /* LoginViewControllerDelegate.swift */ = {isa = PBXFileReference; lastKnownFileType = sourcecode.swift; path = LoginViewControllerDelegate.swift; sourceTree = "<group>"; };
		1E26330051FE2CE068682A80 /* Pods-OurWedding.release.xcconfig */ = {isa = PBXFileReference; includeInIndex = 1; lastKnownFileType = text.xcconfig; name = "Pods-OurWedding.release.xcconfig"; path = "Pods/Target Support Files/Pods-OurWedding/Pods-OurWedding.release.xcconfig"; sourceTree = "<group>"; };
		2F649C317772E4FD719C8F34 /* Pods_OurWeddingUITests.framework */ = {isa = PBXFileReference; explicitFileType = wrapper.framework; includeInIndex = 0; path = Pods_OurWeddingUITests.framework; sourceTree = BUILT_PRODUCTS_DIR; };
		48092FBD7E5E8AF18AA8BE18 /* Pods-OurWeddingUITests.debug.xcconfig */ = {isa = PBXFileReference; includeInIndex = 1; lastKnownFileType = text.xcconfig; name = "Pods-OurWeddingUITests.debug.xcconfig"; path = "Pods/Target Support Files/Pods-OurWeddingUITests/Pods-OurWeddingUITests.debug.xcconfig"; sourceTree = "<group>"; };
		A123B0A335EA0333B82E1122 /* Pods_OurWedding.framework */ = {isa = PBXFileReference; explicitFileType = wrapper.framework; includeInIndex = 0; path = Pods_OurWedding.framework; sourceTree = BUILT_PRODUCTS_DIR; };
		CDC6B2591E73C6B78C1112F9 /* Pods-OurWeddingUITests.release.xcconfig */ = {isa = PBXFileReference; includeInIndex = 1; lastKnownFileType = text.xcconfig; name = "Pods-OurWeddingUITests.release.xcconfig"; path = "Pods/Target Support Files/Pods-OurWeddingUITests/Pods-OurWeddingUITests.release.xcconfig"; sourceTree = "<group>"; };
		FC02FFDA9726F215A1F3AF05 /* Pods-OurWedding.debug.xcconfig */ = {isa = PBXFileReference; includeInIndex = 1; lastKnownFileType = text.xcconfig; name = "Pods-OurWedding.debug.xcconfig"; path = "Pods/Target Support Files/Pods-OurWedding/Pods-OurWedding.debug.xcconfig"; sourceTree = "<group>"; };
/* End PBXFileReference section */

/* Begin PBXFrameworksBuildPhase section */
		12054A3B214F4E7F00174E56 /* Frameworks */ = {
			isa = PBXFrameworksBuildPhase;
			buildActionMask = 2147483647;
			files = (
				12CE3C40215201B100AEFE79 /* Alamofire.framework in Frameworks */,
				12054A7C214F5CA800174E56 /* SnapKit.framework in Frameworks */,
				12054A7E214F5CA800174E56 /* AlamofireImage.framework in Frameworks */,
				DB6655C94A1656A5D6553CB9 /* Pods_OurWedding.framework in Frameworks */,
			);
			runOnlyForDeploymentPostprocessing = 0;
		};
		12054A4F214F4E8100174E56 /* Frameworks */ = {
			isa = PBXFrameworksBuildPhase;
			buildActionMask = 2147483647;
			files = (
				12EA5BD52151FE91007D4DE8 /* FBSnapshotTestCase.framework in Frameworks */,
				121AF17E2151FC6A00967078 /* Nimble_Snapshots.framework in Frameworks */,
				12402A0E214F6BA100D2EC6B /* Nimble.framework in Frameworks */,
				12402A0F214F6BA100D2EC6B /* Quick.framework in Frameworks */,
				E8218EA25BB9209F2E87B948 /* Pods_OurWeddingUITests.framework in Frameworks */,
			);
			runOnlyForDeploymentPostprocessing = 0;
		};
/* End PBXFrameworksBuildPhase section */

/* Begin PBXGroup section */
		12054A35214F4E7F00174E56 = {
			isa = PBXGroup;
			children = (
				12054A40214F4E7F00174E56 /* OurWedding */,
				12054A55214F4E8100174E56 /* OurWeddingUITests */,
				12054A3F214F4E7F00174E56 /* Products */,
				12054A76214F5CA800174E56 /* Frameworks */,
				70F62D4AFA83803F916F76CD /* Pods */,
			);
			sourceTree = "<group>";
		};
		12054A3F214F4E7F00174E56 /* Products */ = {
			isa = PBXGroup;
			children = (
				12054A3E214F4E7F00174E56 /* OurWedding.app */,
				12054A52214F4E8100174E56 /* OurWeddingUITests.xctest */,
			);
			name = Products;
			sourceTree = "<group>";
		};
		12054A40214F4E7F00174E56 /* OurWedding */ = {
			isa = PBXGroup;
			children = (
				12054A62214F567400174E56 /* App */,
				12054A72214F5C2200174E56 /* Common */,
				12054A61214F53A700174E56 /* Feature */,
				12054A63214F569100174E56 /* Resource */,
			);
			path = OurWedding;
			sourceTree = "<group>";
		};
		12054A55214F4E8100174E56 /* OurWeddingUITests */ = {
			isa = PBXGroup;
			children = (
				12402A04214F67A400D2EC6B /* Feature */,
				12054A58214F4E8100174E56 /* Info.plist */,
			);
			path = OurWeddingUITests;
			sourceTree = "<group>";
		};
		12054A61214F53A700174E56 /* Feature */ = {
			isa = PBXGroup;
			children = (
				12CE3C412152073100AEFE79 /* Home */,
				12054A64214F56A600174E56 /* Login */,
			);
			path = Feature;
			sourceTree = "<group>";
		};
		12054A62214F567400174E56 /* App */ = {
			isa = PBXGroup;
			children = (
				12054A4D214F4E8100174E56 /* Info.plist */,
				12054A6E214F584600174E56 /* AppCoordinator.swift */,
				12054A41214F4E7F00174E56 /* AppDelegate.swift */,
				12054A4A214F4E8100174E56 /* LaunchScreen.storyboard */,
			);
			path = App;
			sourceTree = "<group>";
		};
		12054A63214F569100174E56 /* Resource */ = {
			isa = PBXGroup;
			children = (
				12054A48214F4E8100174E56 /* Assets.xcassets */,
				12402A12214F6EC500D2EC6B /* Component */,
				121AF1682151E4AF00967078 /* Font */,
				12054A82214F605800174E56 /* Guide */,
			);
			path = Resource;
			sourceTree = "<group>";
		};
		12054A64214F56A600174E56 /* Login */ = {
			isa = PBXGroup;
			children = (
				12054A65214F56ED00174E56 /* Controller */,
				12054A67214F56F700174E56 /* Model */,
				12054A66214F56F200174E56 /* View */,
			);
			path = Login;
			sourceTree = "<group>";
		};
		12054A65214F56ED00174E56 /* Controller */ = {
			isa = PBXGroup;
			children = (
				12054A68214F572900174E56 /* LoginViewController.swift */,
			);
			path = Controller;
			sourceTree = "<group>";
		};
		12054A66214F56F200174E56 /* View */ = {
			isa = PBXGroup;
			children = (
				12054A6A214F574D00174E56 /* LoginViewScreen.swift */,
			);
			path = View;
			sourceTree = "<group>";
		};
		12054A67214F56F700174E56 /* Model */ = {
			isa = PBXGroup;
			children = (
				12054A6C214F575900174E56 /* LoginCoordinator.swift */,
				12CE3C47215209FA00AEFE79 /* LoginViewControllerDelegate.swift */,
			);
			path = Model;
			sourceTree = "<group>";
		};
		12054A72214F5C2200174E56 /* Common */ = {
			isa = PBXGroup;
			children = (
				1238394821604A0B00274FA7 /* Class */,
				12B0FF662153426300408D04 /* Extension */,
				12054A73214F5C4C00174E56 /* Protocols */,
			);
			path = Common;
			sourceTree = "<group>";
		};
		12054A73214F5C4C00174E56 /* Protocols */ = {
			isa = PBXGroup;
			children = (
				12054A70214F598100174E56 /* CoordinatorProtocol.swift */,
				12054A74214F5C6500174E56 /* ViewCodingProtocol.swift */,
			);
			path = Protocols;
			sourceTree = "<group>";
		};
		12054A76214F5CA800174E56 /* Frameworks */ = {
			isa = PBXGroup;
			children = (
				121AF17D2151FC6A00967078 /* Nimble_Snapshots.framework */,
				12B0AD6C2150A57F00791D74 /* InputMask.framework */,
				12402A0B214F6B9200D2EC6B /* Build */,
				12402A09214F6A2300D2EC6B /* FBSnapshotTestCase.framework */,
				12054A7B214F5CA800174E56 /* Alamofire.framework */,
				12054A79214F5CA800174E56 /* AlamofireImage.framework */,
				12054A78214F5CA800174E56 /* Nimble.framework */,
				12054A7A214F5CA800174E56 /* Quick.framework */,
				12054A77214F5CA800174E56 /* SnapKit.framework */,
				A123B0A335EA0333B82E1122 /* Pods_OurWedding.framework */,
				2F649C317772E4FD719C8F34 /* Pods_OurWeddingUITests.framework */,
			);
			name = Frameworks;
			sourceTree = "<group>";
		};
		12054A82214F605800174E56 /* Guide */ = {
			isa = PBXGroup;
			children = (
				12054A83214F606A00174E56 /* Resource.swift */,
				12054A87214F610500174E56 /* Resource+Color.swift */,
				12054A89214F610D00174E56 /* Resource+Font.swift */,
				12054A85214F60ED00174E56 /* Resource+Image.swift */,
				12054A8B214F611500174E56 /* Resource+Text.swift */,
			);
			path = Guide;
			sourceTree = "<group>";
		};
		121AF1682151E4AF00967078 /* Font */ = {
			isa = PBXGroup;
			children = (
				121AF1742151F19800967078 /* SourceSansPro */,
			);
			path = Font;
			sourceTree = "<group>";
		};
		121AF1742151F19800967078 /* SourceSansPro */ = {
			isa = PBXGroup;
			children = (
				121AF1762151F1B700967078 /* SourceSansPro-Bold.ttf */,
				121AF1752151F1B600967078 /* SourceSansPro-Light.ttf */,
				121AF1772151F1B800967078 /* SourceSansPro-Regular.ttf */,
				121AF1782151F1B900967078 /* SourceSansPro-SemiBold.ttf */,
			);
			path = SourceSansPro;
			sourceTree = "<group>";
		};
		1238394821604A0B00274FA7 /* Class */ = {
			isa = PBXGroup;
			children = (
				1204245C21589620004277D7 /* NavigationController.swift */,
			);
			path = Class;
			sourceTree = "<group>";
		};
		12402A04214F67A400D2EC6B /* Feature */ = {
			isa = PBXGroup;
			children = (
				12402A05214F67A900D2EC6B /* Login */,
			);
			path = Feature;
			sourceTree = "<group>";
		};
		12402A05214F67A900D2EC6B /* Login */ = {
			isa = PBXGroup;
			children = (
				12402A06214F67AD00D2EC6B /* View */,
			);
			path = Login;
			sourceTree = "<group>";
		};
		12402A06214F67AD00D2EC6B /* View */ = {
			isa = PBXGroup;
			children = (
			);
			path = View;
			sourceTree = "<group>";
		};
		12402A12214F6EC500D2EC6B /* Component */ = {
			isa = PBXGroup;
			children = (
				12402A13214F6EE300D2EC6B /* InputField.swift */,
				12402A15214F73C100D2EC6B /* Button.swift */,
			);
			path = Component;
			sourceTree = "<group>";
		};
		12B0FF6321533CFF00408D04 /* View */ = {
			isa = PBXGroup;
			children = (
				12B0FF6421533D1900408D04 /* HomeViewScreen.swift */,
				12B0FF6C2154495C00408D04 /* HomeHeaderView.swift */,
				12B0FF6E2154511600408D04 /* EventCollectionViewCell.swift */,
				1204245821588E85004277D7 /* EventHeaderCollectionViewCell.swift */,
			);
			path = View;
			sourceTree = "<group>";
		};
		12B0FF662153426300408D04 /* Extension */ = {
			isa = PBXGroup;
			children = (
				1204245A21588F17004277D7 /* UIView+Identifier.swift */,
				12B0FF672153427300408D04 /* UIView+Rounded.swift */,
				1238394A21604E0100274FA7 /* UIView+SafeArea.swift */,
				123839462160490C00274FA7 /* UIWindow+Transition.swift */,
			);
			path = Extension;
			sourceTree = "<group>";
		};
		12B0FF6921534A4A00408D04 /* ViewController */ = {
			isa = PBXGroup;
			children = (
				12B0FF6A21534A5F00408D04 /* HomeViewController.swift */,
			);
			path = ViewController;
			sourceTree = "<group>";
		};
		12CE3C412152073100AEFE79 /* Home */ = {
			isa = PBXGroup;
			children = (
				12CE3C432152074500AEFE79 /* Model */,
				12B0FF6321533CFF00408D04 /* View */,
				12B0FF6921534A4A00408D04 /* ViewController */,
			);
			path = Home;
			sourceTree = "<group>";
		};
		12CE3C432152074500AEFE79 /* Model */ = {
			isa = PBXGroup;
			children = (
				12CE3C452152077500AEFE79 /* HomeCoordinator.swift */,
			);
			path = Model;
			sourceTree = "<group>";
		};
		70F62D4AFA83803F916F76CD /* Pods */ = {
			isa = PBXGroup;
			children = (
				FC02FFDA9726F215A1F3AF05 /* Pods-OurWedding.debug.xcconfig */,
				1E26330051FE2CE068682A80 /* Pods-OurWedding.release.xcconfig */,
				48092FBD7E5E8AF18AA8BE18 /* Pods-OurWeddingUITests.debug.xcconfig */,
				CDC6B2591E73C6B78C1112F9 /* Pods-OurWeddingUITests.release.xcconfig */,
			);
			name = Pods;
			sourceTree = "<group>";
		};
/* End PBXGroup section */

/* Begin PBXNativeTarget section */
		12054A3D214F4E7F00174E56 /* OurWedding */ = {
			isa = PBXNativeTarget;
			buildConfigurationList = 12054A5B214F4E8100174E56 /* Build configuration list for PBXNativeTarget "OurWedding" */;
			buildPhases = (
				F237C6A2F689A14574075B93 /* [CP] Check Pods Manifest.lock */,
				12054A3A214F4E7F00174E56 /* Sources */,
				12054A3B214F4E7F00174E56 /* Frameworks */,
				12054A3C214F4E7F00174E56 /* Resources */,
				12054A81214F5CB800174E56 /* Carthage */,
				C66A136A2E302B8A73938C44 /* [CP] Embed Pods Frameworks */,
			);
			buildRules = (
			);
			dependencies = (
			);
			name = OurWedding;
			productName = OurWedding;
			productReference = 12054A3E214F4E7F00174E56 /* OurWedding.app */;
			productType = "com.apple.product-type.application";
		};
		12054A51214F4E8100174E56 /* OurWeddingUITests */ = {
			isa = PBXNativeTarget;
			buildConfigurationList = 12054A5E214F4E8100174E56 /* Build configuration list for PBXNativeTarget "OurWeddingUITests" */;
			buildPhases = (
				018ABE19281AA75D0EF1C18C /* [CP] Check Pods Manifest.lock */,
				12054A4E214F4E8100174E56 /* Sources */,
				12054A4F214F4E8100174E56 /* Frameworks */,
				12054A50214F4E8100174E56 /* Resources */,
				12402A10214F6BA500D2EC6B /* Carthage */,
			);
			buildRules = (
			);
			dependencies = (
				12054A54214F4E8100174E56 /* PBXTargetDependency */,
			);
			name = OurWeddingUITests;
			productName = OurWeddingUITests;
			productReference = 12054A52214F4E8100174E56 /* OurWeddingUITests.xctest */;
			productType = "com.apple.product-type.bundle.ui-testing";
		};
/* End PBXNativeTarget section */

/* Begin PBXProject section */
		12054A36214F4E7F00174E56 /* Project object */ = {
			isa = PBXProject;
			attributes = {
				LastSwiftUpdateCheck = 0940;
				LastUpgradeCheck = 0940;
				ORGANIZATIONNAME = "Sunshine Consulting";
				TargetAttributes = {
					12054A3D214F4E7F00174E56 = {
						CreatedOnToolsVersion = 9.4.1;
					};
					12054A51214F4E8100174E56 = {
						CreatedOnToolsVersion = 9.4.1;
						LastSwiftMigration = 0940;
						TestTargetID = 12054A3D214F4E7F00174E56;
					};
				};
			};
			buildConfigurationList = 12054A39214F4E7F00174E56 /* Build configuration list for PBXProject "OurWedding" */;
			compatibilityVersion = "Xcode 9.3";
			developmentRegion = en;
			hasScannedForEncodings = 0;
			knownRegions = (
				en,
				Base,
			);
			mainGroup = 12054A35214F4E7F00174E56;
			productRefGroup = 12054A3F214F4E7F00174E56 /* Products */;
			projectDirPath = "";
			projectRoot = "";
			targets = (
				12054A3D214F4E7F00174E56 /* OurWedding */,
				12054A51214F4E8100174E56 /* OurWeddingUITests */,
			);
		};
/* End PBXProject section */

/* Begin PBXResourcesBuildPhase section */
		12054A3C214F4E7F00174E56 /* Resources */ = {
			isa = PBXResourcesBuildPhase;
			buildActionMask = 2147483647;
			files = (
				121AF17B2151F1B900967078 /* SourceSansPro-Regular.ttf in Resources */,
				121AF1792151F1B900967078 /* SourceSansPro-Light.ttf in Resources */,
				12054A4C214F4E8100174E56 /* LaunchScreen.storyboard in Resources */,
				121AF17C2151F1B900967078 /* SourceSansPro-SemiBold.ttf in Resources */,
				12054A49214F4E8100174E56 /* Assets.xcassets in Resources */,
				121AF17A2151F1B900967078 /* SourceSansPro-Bold.ttf in Resources */,
			);
			runOnlyForDeploymentPostprocessing = 0;
		};
		12054A50214F4E8100174E56 /* Resources */ = {
			isa = PBXResourcesBuildPhase;
			buildActionMask = 2147483647;
			files = (
			);
			runOnlyForDeploymentPostprocessing = 0;
		};
/* End PBXResourcesBuildPhase section */

/* Begin PBXShellScriptBuildPhase section */
		018ABE19281AA75D0EF1C18C /* [CP] Check Pods Manifest.lock */ = {
			isa = PBXShellScriptBuildPhase;
			buildActionMask = 2147483647;
			files = (
			);
			inputPaths = (
				"${PODS_PODFILE_DIR_PATH}/Podfile.lock",
				"${PODS_ROOT}/Manifest.lock",
			);
			name = "[CP] Check Pods Manifest.lock";
			outputPaths = (
				"$(DERIVED_FILE_DIR)/Pods-OurWeddingUITests-checkManifestLockResult.txt",
			);
			runOnlyForDeploymentPostprocessing = 0;
			shellPath = /bin/sh;
			shellScript = "diff \"${PODS_PODFILE_DIR_PATH}/Podfile.lock\" \"${PODS_ROOT}/Manifest.lock\" > /dev/null\nif [ $? != 0 ] ; then\n    # print error to STDERR\n    echo \"error: The sandbox is not in sync with the Podfile.lock. Run 'pod install' or update your CocoaPods installation.\" >&2\n    exit 1\nfi\n# This output is used by Xcode 'outputs' to avoid re-running this script phase.\necho \"SUCCESS\" > \"${SCRIPT_OUTPUT_FILE_0}\"\n";
			showEnvVarsInLog = 0;
		};
		12054A81214F5CB800174E56 /* Carthage */ = {
			isa = PBXShellScriptBuildPhase;
			buildActionMask = 2147483647;
			files = (
			);
			inputPaths = (
				"$(SRCROOT)/Carthage/Build/iOS/Alamofire.framework",
				"$(SRCROOT)/Carthage/Build/iOS/AlamofireImage.framework",
				"$(SRCROOT)/Carthage/Build/iOS/SnapKit.framework",
			);
			name = Carthage;
			outputPaths = (
			);
			runOnlyForDeploymentPostprocessing = 0;
			shellPath = /bin/sh;
			shellScript = "/usr/local/bin/carthage copy-frameworks";
		};
		12402A10214F6BA500D2EC6B /* Carthage */ = {
			isa = PBXShellScriptBuildPhase;
			buildActionMask = 2147483647;
			files = (
			);
			inputPaths = (
				"$(SRCROOT)/Carthage/Build/iOS/Nimble.framework",
				"$(SRCROOT)/Carthage/Build/iOS/Quick.framework",
				"$(SRCROOT)/Carthage/Build/iOS/Nimble_Snapshots.framework",
				"$(SRCROOT)/Carthage/Build/iOS/FBSnapshotTestCase.framework",
			);
			name = Carthage;
			outputPaths = (
			);
			runOnlyForDeploymentPostprocessing = 0;
			shellPath = /bin/sh;
			shellScript = "/usr/local/bin/carthage copy-frameworks";
		};
		C66A136A2E302B8A73938C44 /* [CP] Embed Pods Frameworks */ = {
			isa = PBXShellScriptBuildPhase;
			buildActionMask = 2147483647;
			files = (
			);
			inputPaths = (
				"${SRCROOT}/Pods/Target Support Files/Pods-OurWedding/Pods-OurWedding-frameworks.sh",
				"${BUILT_PRODUCTS_DIR}/VMaskTextField/VMaskTextField.framework",
			);
			name = "[CP] Embed Pods Frameworks";
			outputPaths = (
				"${TARGET_BUILD_DIR}/${FRAMEWORKS_FOLDER_PATH}/VMaskTextField.framework",
			);
			runOnlyForDeploymentPostprocessing = 0;
			shellPath = /bin/sh;
			shellScript = "\"${SRCROOT}/Pods/Target Support Files/Pods-OurWedding/Pods-OurWedding-frameworks.sh\"\n";
			showEnvVarsInLog = 0;
		};
		F237C6A2F689A14574075B93 /* [CP] Check Pods Manifest.lock */ = {
			isa = PBXShellScriptBuildPhase;
			buildActionMask = 2147483647;
			files = (
			);
			inputPaths = (
				"${PODS_PODFILE_DIR_PATH}/Podfile.lock",
				"${PODS_ROOT}/Manifest.lock",
			);
			name = "[CP] Check Pods Manifest.lock";
			outputPaths = (
				"$(DERIVED_FILE_DIR)/Pods-OurWedding-checkManifestLockResult.txt",
			);
			runOnlyForDeploymentPostprocessing = 0;
			shellPath = /bin/sh;
			shellScript = "diff \"${PODS_PODFILE_DIR_PATH}/Podfile.lock\" \"${PODS_ROOT}/Manifest.lock\" > /dev/null\nif [ $? != 0 ] ; then\n    # print error to STDERR\n    echo \"error: The sandbox is not in sync with the Podfile.lock. Run 'pod install' or update your CocoaPods installation.\" >&2\n    exit 1\nfi\n# This output is used by Xcode 'outputs' to avoid re-running this script phase.\necho \"SUCCESS\" > \"${SCRIPT_OUTPUT_FILE_0}\"\n";
			showEnvVarsInLog = 0;
		};
/* End PBXShellScriptBuildPhase section */

/* Begin PBXSourcesBuildPhase section */
		12054A3A214F4E7F00174E56 /* Sources */ = {
			isa = PBXSourcesBuildPhase;
			buildActionMask = 2147483647;
			files = (
				12054A69214F572900174E56 /* LoginViewController.swift in Sources */,
				1204245D21589620004277D7 /* NavigationController.swift in Sources */,
				12B0FF6F2154511600408D04 /* EventCollectionViewCell.swift in Sources */,
				12054A75214F5C6500174E56 /* ViewCodingProtocol.swift in Sources */,
				12B0FF6B21534A5F00408D04 /* HomeViewController.swift in Sources */,
				12CE3C462152077500AEFE79 /* HomeCoordinator.swift in Sources */,
				12054A88214F610500174E56 /* Resource+Color.swift in Sources */,
				1204245921588E85004277D7 /* EventHeaderCollectionViewCell.swift in Sources */,
				12054A71214F598100174E56 /* CoordinatorProtocol.swift in Sources */,
				12054A6F214F584600174E56 /* AppCoordinator.swift in Sources */,
				1238394B21604E0100274FA7 /* UIView+SafeArea.swift in Sources */,
				12054A8C214F611500174E56 /* Resource+Text.swift in Sources */,
				12402A16214F73C100D2EC6B /* Button.swift in Sources */,
				123839472160490C00274FA7 /* UIWindow+Transition.swift in Sources */,
				12B0FF682153427300408D04 /* UIView+Rounded.swift in Sources */,
				12402A14214F6EE300D2EC6B /* InputField.swift in Sources */,
				1204245B21588F17004277D7 /* UIView+Identifier.swift in Sources */,
				12CE3C3F2152011F00AEFE79 /* LoginViewScreen.swift in Sources */,
				12054A86214F60ED00174E56 /* Resource+Image.swift in Sources */,
				12054A8A214F610D00174E56 /* Resource+Font.swift in Sources */,
				12054A6D214F575900174E56 /* LoginCoordinator.swift in Sources */,
				12CE3C48215209FA00AEFE79 /* LoginViewControllerDelegate.swift in Sources */,
				12B0FF6D2154495C00408D04 /* HomeHeaderView.swift in Sources */,
				12054A42214F4E7F00174E56 /* AppDelegate.swift in Sources */,
				12B0FF6521533D1900408D04 /* HomeViewScreen.swift in Sources */,
				12054A84214F606A00174E56 /* Resource.swift in Sources */,
			);
			runOnlyForDeploymentPostprocessing = 0;
		};
		12054A4E214F4E8100174E56 /* Sources */ = {
			isa = PBXSourcesBuildPhase;
			buildActionMask = 2147483647;
			files = (
			);
			runOnlyForDeploymentPostprocessing = 0;
		};
/* End PBXSourcesBuildPhase section */

/* Begin PBXTargetDependency section */
		12054A54214F4E8100174E56 /* PBXTargetDependency */ = {
			isa = PBXTargetDependency;
			target = 12054A3D214F4E7F00174E56 /* OurWedding */;
			targetProxy = 12054A53214F4E8100174E56 /* PBXContainerItemProxy */;
		};
/* End PBXTargetDependency section */

/* Begin PBXVariantGroup section */
		12054A4A214F4E8100174E56 /* LaunchScreen.storyboard */ = {
			isa = PBXVariantGroup;
			children = (
				12054A4B214F4E8100174E56 /* Base */,
			);
			name = LaunchScreen.storyboard;
			sourceTree = "<group>";
		};
/* End PBXVariantGroup section */

/* Begin XCBuildConfiguration section */
		12054A59214F4E8100174E56 /* Debug */ = {
			isa = XCBuildConfiguration;
			buildSettings = {
				ALWAYS_SEARCH_USER_PATHS = NO;
				CLANG_ANALYZER_NONNULL = YES;
				CLANG_ANALYZER_NUMBER_OBJECT_CONVERSION = YES_AGGRESSIVE;
				CLANG_CXX_LANGUAGE_STANDARD = "gnu++14";
				CLANG_CXX_LIBRARY = "libc++";
				CLANG_ENABLE_MODULES = YES;
				CLANG_ENABLE_OBJC_ARC = YES;
				CLANG_ENABLE_OBJC_WEAK = YES;
				CLANG_WARN_BLOCK_CAPTURE_AUTORELEASING = YES;
				CLANG_WARN_BOOL_CONVERSION = YES;
				CLANG_WARN_COMMA = YES;
				CLANG_WARN_CONSTANT_CONVERSION = YES;
				CLANG_WARN_DEPRECATED_OBJC_IMPLEMENTATIONS = YES;
				CLANG_WARN_DIRECT_OBJC_ISA_USAGE = YES_ERROR;
				CLANG_WARN_DOCUMENTATION_COMMENTS = YES;
				CLANG_WARN_EMPTY_BODY = YES;
				CLANG_WARN_ENUM_CONVERSION = YES;
				CLANG_WARN_INFINITE_RECURSION = YES;
				CLANG_WARN_INT_CONVERSION = YES;
				CLANG_WARN_NON_LITERAL_NULL_CONVERSION = YES;
				CLANG_WARN_OBJC_IMPLICIT_RETAIN_SELF = YES;
				CLANG_WARN_OBJC_LITERAL_CONVERSION = YES;
				CLANG_WARN_OBJC_ROOT_CLASS = YES_ERROR;
				CLANG_WARN_RANGE_LOOP_ANALYSIS = YES;
				CLANG_WARN_STRICT_PROTOTYPES = YES;
				CLANG_WARN_SUSPICIOUS_MOVE = YES;
				CLANG_WARN_UNGUARDED_AVAILABILITY = YES_AGGRESSIVE;
				CLANG_WARN_UNREACHABLE_CODE = YES;
				CLANG_WARN__DUPLICATE_METHOD_MATCH = YES;
				CODE_SIGN_IDENTITY = "iPhone Developer";
				COPY_PHASE_STRIP = NO;
				DEBUG_INFORMATION_FORMAT = dwarf;
				ENABLE_STRICT_OBJC_MSGSEND = YES;
				ENABLE_TESTABILITY = YES;
				GCC_C_LANGUAGE_STANDARD = gnu11;
				GCC_DYNAMIC_NO_PIC = NO;
				GCC_NO_COMMON_BLOCKS = YES;
				GCC_OPTIMIZATION_LEVEL = 0;
				GCC_PREPROCESSOR_DEFINITIONS = (
					"DEBUG=1",
					"$(inherited)",
				);
				GCC_WARN_64_TO_32_BIT_CONVERSION = YES;
				GCC_WARN_ABOUT_RETURN_TYPE = YES_ERROR;
				GCC_WARN_UNDECLARED_SELECTOR = YES;
				GCC_WARN_UNINITIALIZED_AUTOS = YES_AGGRESSIVE;
				GCC_WARN_UNUSED_FUNCTION = YES;
				GCC_WARN_UNUSED_VARIABLE = YES;
				IPHONEOS_DEPLOYMENT_TARGET = 10.3;
				MTL_ENABLE_DEBUG_INFO = YES;
				ONLY_ACTIVE_ARCH = YES;
				SDKROOT = iphoneos;
				SWIFT_ACTIVE_COMPILATION_CONDITIONS = DEBUG;
				SWIFT_OPTIMIZATION_LEVEL = "-Onone";
			};
			name = Debug;
		};
		12054A5A214F4E8100174E56 /* Release */ = {
			isa = XCBuildConfiguration;
			buildSettings = {
				ALWAYS_SEARCH_USER_PATHS = NO;
				CLANG_ANALYZER_NONNULL = YES;
				CLANG_ANALYZER_NUMBER_OBJECT_CONVERSION = YES_AGGRESSIVE;
				CLANG_CXX_LANGUAGE_STANDARD = "gnu++14";
				CLANG_CXX_LIBRARY = "libc++";
				CLANG_ENABLE_MODULES = YES;
				CLANG_ENABLE_OBJC_ARC = YES;
				CLANG_ENABLE_OBJC_WEAK = YES;
				CLANG_WARN_BLOCK_CAPTURE_AUTORELEASING = YES;
				CLANG_WARN_BOOL_CONVERSION = YES;
				CLANG_WARN_COMMA = YES;
				CLANG_WARN_CONSTANT_CONVERSION = YES;
				CLANG_WARN_DEPRECATED_OBJC_IMPLEMENTATIONS = YES;
				CLANG_WARN_DIRECT_OBJC_ISA_USAGE = YES_ERROR;
				CLANG_WARN_DOCUMENTATION_COMMENTS = YES;
				CLANG_WARN_EMPTY_BODY = YES;
				CLANG_WARN_ENUM_CONVERSION = YES;
				CLANG_WARN_INFINITE_RECURSION = YES;
				CLANG_WARN_INT_CONVERSION = YES;
				CLANG_WARN_NON_LITERAL_NULL_CONVERSION = YES;
				CLANG_WARN_OBJC_IMPLICIT_RETAIN_SELF = YES;
				CLANG_WARN_OBJC_LITERAL_CONVERSION = YES;
				CLANG_WARN_OBJC_ROOT_CLASS = YES_ERROR;
				CLANG_WARN_RANGE_LOOP_ANALYSIS = YES;
				CLANG_WARN_STRICT_PROTOTYPES = YES;
				CLANG_WARN_SUSPICIOUS_MOVE = YES;
				CLANG_WARN_UNGUARDED_AVAILABILITY = YES_AGGRESSIVE;
				CLANG_WARN_UNREACHABLE_CODE = YES;
				CLANG_WARN__DUPLICATE_METHOD_MATCH = YES;
				CODE_SIGN_IDENTITY = "iPhone Developer";
				COPY_PHASE_STRIP = NO;
				DEBUG_INFORMATION_FORMAT = "dwarf-with-dsym";
				ENABLE_NS_ASSERTIONS = NO;
				ENABLE_STRICT_OBJC_MSGSEND = YES;
				GCC_C_LANGUAGE_STANDARD = gnu11;
				GCC_NO_COMMON_BLOCKS = YES;
				GCC_WARN_64_TO_32_BIT_CONVERSION = YES;
				GCC_WARN_ABOUT_RETURN_TYPE = YES_ERROR;
				GCC_WARN_UNDECLARED_SELECTOR = YES;
				GCC_WARN_UNINITIALIZED_AUTOS = YES_AGGRESSIVE;
				GCC_WARN_UNUSED_FUNCTION = YES;
				GCC_WARN_UNUSED_VARIABLE = YES;
				IPHONEOS_DEPLOYMENT_TARGET = 10.3;
				MTL_ENABLE_DEBUG_INFO = NO;
				SDKROOT = iphoneos;
				SWIFT_COMPILATION_MODE = wholemodule;
				SWIFT_OPTIMIZATION_LEVEL = "-O";
				VALIDATE_PRODUCT = YES;
			};
			name = Release;
		};
		12054A5C214F4E8100174E56 /* Debug */ = {
			isa = XCBuildConfiguration;
			baseConfigurationReference = FC02FFDA9726F215A1F3AF05 /* Pods-OurWedding.debug.xcconfig */;
			buildSettings = {
				ASSETCATALOG_COMPILER_APPICON_NAME = AppIcon;
				CODE_SIGN_STYLE = Automatic;
				DEVELOPMENT_TEAM = S34WA7GG8R;
				FRAMEWORK_SEARCH_PATHS = (
					"$(inherited)",
					"$(PROJECT_DIR)/Carthage/Build/iOS",
				);
				INFOPLIST_FILE = "$(SRCROOT)/OurWedding/App/Info.plist";
				LD_RUNPATH_SEARCH_PATHS = (
					"$(inherited)",
					"@executable_path/Frameworks",
				);
				PRODUCT_BUNDLE_IDENTIFIER = sunshine.consulting.com.OurWedding;
				PRODUCT_NAME = "$(TARGET_NAME)";
				SWIFT_VERSION = 4.0;
				TARGETED_DEVICE_FAMILY = "1,2";
			};
			name = Debug;
		};
		12054A5D214F4E8100174E56 /* Release */ = {
			isa = XCBuildConfiguration;
			baseConfigurationReference = 1E26330051FE2CE068682A80 /* Pods-OurWedding.release.xcconfig */;
			buildSettings = {
				ASSETCATALOG_COMPILER_APPICON_NAME = AppIcon;
				CODE_SIGN_STYLE = Automatic;
				DEVELOPMENT_TEAM = S34WA7GG8R;
				FRAMEWORK_SEARCH_PATHS = (
					"$(inherited)",
					"$(PROJECT_DIR)/Carthage/Build/iOS",
				);
				INFOPLIST_FILE = "$(SRCROOT)/OurWedding/App/Info.plist";
				LD_RUNPATH_SEARCH_PATHS = (
					"$(inherited)",
					"@executable_path/Frameworks",
				);
				PRODUCT_BUNDLE_IDENTIFIER = sunshine.consulting.com.OurWedding;
				PRODUCT_NAME = "$(TARGET_NAME)";
				SWIFT_VERSION = 4.0;
				TARGETED_DEVICE_FAMILY = "1,2";
			};
			name = Release;
		};
		12054A5F214F4E8100174E56 /* Debug */ = {
			isa = XCBuildConfiguration;
			baseConfigurationReference = 48092FBD7E5E8AF18AA8BE18 /* Pods-OurWeddingUITests.debug.xcconfig */;
			buildSettings = {
				ALWAYS_EMBED_SWIFT_STANDARD_LIBRARIES = YES;
				CLANG_ENABLE_MODULES = YES;
				CODE_SIGN_STYLE = Automatic;
				DEVELOPMENT_TEAM = S34WA7GG8R;
				FRAMEWORK_SEARCH_PATHS = (
					"$(inherited)",
					"$(PROJECT_DIR)/Carthage/Build/iOS",
				);
				INFOPLIST_FILE = OurWeddingUITests/Info.plist;
				LD_RUNPATH_SEARCH_PATHS = (
					"$(inherited)",
					"@executable_path/Frameworks",
					"@loader_path/Frameworks",
				);
				PRODUCT_BUNDLE_IDENTIFIER = sunshine.consulting.com.OurWeddingUITests;
				PRODUCT_NAME = "$(TARGET_NAME)";
				SWIFT_OPTIMIZATION_LEVEL = "-Onone";
				SWIFT_VERSION = 4.0;
				TARGETED_DEVICE_FAMILY = "1,2";
				TEST_TARGET_NAME = OurWedding;
			};
			name = Debug;
		};
		12054A60214F4E8100174E56 /* Release */ = {
			isa = XCBuildConfiguration;
			baseConfigurationReference = CDC6B2591E73C6B78C1112F9 /* Pods-OurWeddingUITests.release.xcconfig */;
			buildSettings = {
				ALWAYS_EMBED_SWIFT_STANDARD_LIBRARIES = YES;
				CLANG_ENABLE_MODULES = YES;
				CODE_SIGN_STYLE = Automatic;
				DEVELOPMENT_TEAM = S34WA7GG8R;
				FRAMEWORK_SEARCH_PATHS = (
					"$(inherited)",
					"$(PROJECT_DIR)/Carthage/Build/iOS",
				);
				INFOPLIST_FILE = OurWeddingUITests/Info.plist;
				LD_RUNPATH_SEARCH_PATHS = (
					"$(inherited)",
					"@executable_path/Frameworks",
					"@loader_path/Frameworks",
				);
				PRODUCT_BUNDLE_IDENTIFIER = sunshine.consulting.com.OurWeddingUITests;
				PRODUCT_NAME = "$(TARGET_NAME)";
				SWIFT_VERSION = 4.0;
				TARGETED_DEVICE_FAMILY = "1,2";
				TEST_TARGET_NAME = OurWedding;
			};
			name = Release;
		};
/* End XCBuildConfiguration section */

/* Begin XCConfigurationList section */
		12054A39214F4E7F00174E56 /* Build configuration list for PBXProject "OurWedding" */ = {
			isa = XCConfigurationList;
			buildConfigurations = (
				12054A59214F4E8100174E56 /* Debug */,
				12054A5A214F4E8100174E56 /* Release */,
			);
			defaultConfigurationIsVisible = 0;
			defaultConfigurationName = Release;
		};
		12054A5B214F4E8100174E56 /* Build configuration list for PBXNativeTarget "OurWedding" */ = {
			isa = XCConfigurationList;
			buildConfigurations = (
				12054A5C214F4E8100174E56 /* Debug */,
				12054A5D214F4E8100174E56 /* Release */,
			);
			defaultConfigurationIsVisible = 0;
			defaultConfigurationName = Release;
		};
		12054A5E214F4E8100174E56 /* Build configuration list for PBXNativeTarget "OurWeddingUITests" */ = {
			isa = XCConfigurationList;
			buildConfigurations = (
				12054A5F214F4E8100174E56 /* Debug */,
				12054A60214F4E8100174E56 /* Release */,
			);
			defaultConfigurationIsVisible = 0;
			defaultConfigurationName = Release;
		};
/* End XCConfigurationList section */
	};
	rootObject = 12054A36214F4E7F00174E56 /* Project object */;
}
